
Microsoft Visual Studio Solution File, Format Version 12.00
# Visual Studio 14
VisualStudioVersion = 14.0.25420.1
MinimumVisualStudioVersion = 10.0.40219.1
Project("{E24C65DC-7377-472B-9ABA-BC803B73C61A}") = "BorderAnimationSVG", "..\..\..\..\Downloads\Compressed\BorderAnimationSVG\", "{094A90C0-5BC5-4366-8BE2-61D1C04B73FA}"
	ProjectSection(WebsiteProperties) = preProject
		TargetFrameworkMoniker = ".NETFramework,Version%3Dv4.0"
		Debug.AspNetCompiler.VirtualPath = "/localhost_1838"
		Debug.AspNetCompiler.PhysicalPath = "..\..\..\..\Downloads\Compressed\BorderAnimationSVG\"
		Debug.AspNetCompiler.TargetPath = "PrecompiledWeb\localhost_1838\"
		Debug.AspNetCompiler.Updateable = "true"
		Debug.AspNetCompiler.ForceOverwrite = "true"
		Debug.AspNetCompiler.FixedNames = "false"
		Debug.AspNetCompiler.Debug = "True"
		Release.AspNetCompiler.VirtualPath = "/localhost_1838"
		Release.AspNetCompiler.PhysicalPath = "..\..\..\..\Downloads\Compressed\BorderAnimationSVG\"
		Release.AspNetCompiler.TargetPath = "PrecompiledWeb\localhost_1838\"
		Release.AspNetCompiler.Updateable = "true"
		Release.AspNetCompiler.ForceOverwrite = "true"
		Release.AspNetCompiler.FixedNames = "false"
		Release.AspNetCompiler.Debug = "False"
		VWDPort = "1838"
		SlnRelativePath = "..\..\..\..\Downloads\Compressed\BorderAnimationSVG\"
	EndProjectSection
EndProject
Global
	GlobalSection(SolutionConfigurationPlatforms) = preSolution
		Debug|Any CPU = Debug|Any CPU
	EndGlobalSection
	GlobalSection(ProjectConfigurationPlatforms) = postSolution
		{094A90C0-5BC5-4366-8BE2-61D1C04B73FA}.Debug|Any CPU.ActiveCfg = Debug|Any CPU
		{094A90C0-5BC5-4366-8BE2-61D1C04B73FA}.Debug|Any CPU.Build.0 = Debug|Any CPU
	EndGlobalSection
	GlobalSection(SolutionProperties) = preSolution
		HideSolutionNode = FALSE
	EndGlobalSection
EndGlobal
